<?xml version="1.0" encoding="utf-8"?>
<Project ToolsVersion="4.0" xmlns="http://schemas.microsoft.com/developer/msbuild/2003">
  <ItemGroup>
    <Filter Include="Исходные файлы">
      <UniqueIdentifier>{4FC737F1-C7A5-4376-A066-2A32D752A2FF}</UniqueIdentifier>
      <Extensions>cpp;c;cc;cxx;def;odl;idl;hpj;bat;asm;asmx</Extensions>
    </Filter>
    <Filter Include="Файлы заголовков">
      <UniqueIdentifier>{93995380-89BD-4b04-88EB-625FBE52EBFB}</UniqueIdentifier>
      <Extensions>h;hh;hpp;hxx;hm;inl;inc;ipp;xsd</Extensions>
    </Filter>
    <Filter Include="Файлы ресурсов">
      <UniqueIdentifier>{67DA6AB6-F800-4c08-8B7A-83BB121AAD01}</UniqueIdentifier>
      <Extensions>rc;ico;cur;bmp;dlg;rc2;rct;bin;rgs;gif;jpg;jpeg;jpe;resx;tiff;tif;png;wav;mfcribbon-ms</Extensions>
    </Filter>
    <Filter Include="Commands">
      <UniqueIdentifier>{06e06cfe-a07d-46b1-9827-b344d5394b06}</UniqueIdentifier>
    </Filter>
    <Filter Include="Functions">
      <UniqueIdentifier>{28976527-be0e-4ea7-b1fa-411273a7d1b8}</UniqueIdentifier>
    </Filter>
    <Filter Include="MyCharStream">
      <UniqueIdentifier>{013360ed-30c2-480e-a013-13d7f52c2d6c}</UniqueIdentifier>
    </Filter>
  </ItemGroup>
  <ItemGroup>
    <ClCompile Include="Source.cpp">
      <Filter>Исходные файлы</Filter>
    </ClCompile>
    <ClCompile Include="ClientClass.cpp">
      <Filter>Файлы ресурсов</Filter>
    </ClCompile>
    <ClCompile Include="..\MySockets\MySockets.cpp">
      <Filter>Файлы ресурсов</Filter>
    </ClCompile>
    <ClCompile Include="..\Additional\SimpleTimer.cpp">
      <Filter>Файлы ресурсов</Filter>
    </ClCompile>
    <ClCompile Include="MyClientParser.cpp">
      <Filter>Файлы ресурсов</Filter>
    </ClCompile>
    <ClCompile Include="..\MyFunctions\MyFunctions.cpp">
      <Filter>Functions</Filter>
    </ClCompile>
    <ClCompile Include="..\MyCharStream\MyCharStream.cpp">
      <Filter>MyCharStream</Filter>
    </ClCompile>
  </ItemGroup>
  <ItemGroup>
    <ClInclude Include="..\MySockets\MySockets.h">
      <Filter>Файлы заголовков</Filter>
    </ClInclude>
    <ClInclude Include="ClientClass.h">
      <Filter>Файлы заголовков</Filter>
    </ClInclude>
    <ClInclude Include="..\Additional\MyProtClasses.h">
      <Filter>Файлы заголовков</Filter>
    </ClInclude>
    <ClInclude Include="..\Additional\SimpleTimer.h">
      <Filter>Файлы заголовков</Filter>
    </ClInclude>
    <ClInclude Include="MyClientParser.h">
      <Filter>Файлы заголовков</Filter>
    </ClInclude>
    <ClInclude Include="Commands\endfile_c.h">
      <Filter>Commands</Filter>
    </ClInclude>
    <ClInclude Include="Commands\pack_c.h">
      <Filter>Commands</Filter>
    </ClInclude>
    <ClInclude Include="Commands\text_c.h">
      <Filter>Commands</Filter>
    </ClInclude>
    <ClInclude Include="..\MyFunctions\MyFunctions.h">
      <Filter>Functions</Filter>
    </ClInclude>
    <ClInclude Include="..\MyCharStream\MyCharStream.h">
      <Filter>MyCharStream</Filter>
    </ClInclude>
  </ItemGroup>
</Project>