<?xml version="1.0" encoding="utf-8"?>
<Project ToolsVersion="4.0" xmlns="http://schemas.microsoft.com/developer/msbuild/2003">
  <ItemGroup>
    <Filter Include="Исходные файлы">
      <UniqueIdentifier>{4FC737F1-C7A5-4376-A066-2A32D752A2FF}</UniqueIdentifier>
      <Extensions>cpp;c;cc;cxx;def;odl;idl;hpj;bat;asm;asmx</Extensions>
    </Filter>
    <Filter Include="Файлы заголовков">
      <UniqueIdentifier>{93995380-89BD-4b04-88EB-625FBE52EBFB}</UniqueIdentifier>
      <Extensions>h;hh;hpp;hxx;hm;inl;inc;ipp;xsd</Extensions>
    </Filter>
    <Filter Include="Файлы ресурсов">
      <UniqueIdentifier>{67DA6AB6-F800-4c08-8B7A-83BB121AAD01}</UniqueIdentifier>
      <Extensions>rc;ico;cur;bmp;dlg;rc2;rct;bin;rgs;gif;jpg;jpeg;jpe;resx;tiff;tif;png;wav;mfcribbon-ms</Extensions>
    </Filter>
    <Filter Include="Commands">
      <UniqueIdentifier>{755003c5-63ba-4298-a135-65923bfdccb7}</UniqueIdentifier>
    </Filter>
    <Filter Include="Functions">
      <UniqueIdentifier>{0290bb8e-4c36-4779-a65b-53a1f0a387d7}</UniqueIdentifier>
    </Filter>
    <Filter Include="DataBase">
      <UniqueIdentifier>{2cddcfab-8521-4b36-aaaf-b0a97f7f239d}</UniqueIdentifier>
    </Filter>
    <Filter Include="CharStream">
      <UniqueIdentifier>{3bc8b356-11ff-4c82-ad88-cd8bef697081}</UniqueIdentifier>
    </Filter>
  </ItemGroup>
  <ItemGroup>
    <ClCompile Include="Source.cpp">
      <Filter>Исходные файлы</Filter>
    </ClCompile>
    <ClCompile Include="ServerClass.cpp">
      <Filter>Исходные файлы</Filter>
    </ClCompile>
    <ClCompile Include="SocketMendeger.cpp">
      <Filter>Исходные файлы</Filter>
    </ClCompile>
    <ClCompile Include="..\MySockets\MySockets.cpp">
      <Filter>Исходные файлы</Filter>
    </ClCompile>
    <ClCompile Include="..\Additional\SimpleTimer.cpp">
      <Filter>Исходные файлы</Filter>
    </ClCompile>
    <ClCompile Include="MyServerParser.cpp">
      <Filter>Исходные файлы</Filter>
    </ClCompile>
    <ClCompile Include="..\MyFunctions\MyFunctions.cpp">
      <Filter>Functions</Filter>
    </ClCompile>
    <ClCompile Include="DataBaseClass.cpp">
      <Filter>DataBase</Filter>
    </ClCompile>
    <ClCompile Include="..\MyCharStream\MyCharStream.cpp">
      <Filter>CharStream</Filter>
    </ClCompile>
  </ItemGroup>
  <ItemGroup>
    <ClInclude Include="SocketMenedger.h">
      <Filter>Файлы заголовков</Filter>
    </ClInclude>
    <ClInclude Include="ServerClass.h">
      <Filter>Файлы заголовков</Filter>
    </ClInclude>
    <ClInclude Include="..\MySockets\MySockets.h">
      <Filter>Файлы заголовков</Filter>
    </ClInclude>
    <ClInclude Include="..\Additional\MyProtClasses.h">
      <Filter>Файлы заголовков</Filter>
    </ClInclude>
    <ClInclude Include="..\Additional\SimpleTimer.h">
      <Filter>Файлы заголовков</Filter>
    </ClInclude>
    <ClInclude Include="MyServerParser.h">
      <Filter>Файлы заголовков</Filter>
    </ClInclude>
    <ClInclude Include="Commands\endfile_c.h">
      <Filter>Commands</Filter>
    </ClInclude>
    <ClInclude Include="Commands\file_c.h">
      <Filter>Commands</Filter>
    </ClInclude>
    <ClInclude Include="Commands\pack_c.h">
      <Filter>Commands</Filter>
    </ClInclude>
    <ClInclude Include="Commands\recieve_c.h">
      <Filter>Commands</Filter>
    </ClInclude>
    <ClInclude Include="Commands\text_c.h">
      <Filter>Commands</Filter>
    </ClInclude>
    <ClInclude Include="..\MyFunctions\MyFunctions.h">
      <Filter>Functions</Filter>
    </ClInclude>
    <ClInclude Include="DataBaseClass.h">
      <Filter>DataBase</Filter>
    </ClInclude>
    <ClInclude Include="..\MyCharStream\MyCharStream.h">
      <Filter>CharStream</Filter>
    </ClInclude>
  </ItemGroup>
</Project>